
Microsoft Visual Studio Solution File, Format Version 12.00
Project("{FAE04EC0-301F-11D3-BF4B-00C04F79EFBC}") = "WebProgrammingTerm", "WebProgrammingTerm\WebProgrammingTerm.csproj", "{686DD1C1-DE00-4506-97B1-873F99842AAF}"
EndProject
Project("{2150E333-8FDC-42A3-9474-1A3956D46DE8}") = "Authentication", "Authentication", "{76D51CB1-F61D-48D0-A295-7A203FA834E4}"
EndProject
Project("{FAE04EC0-301F-11D3-BF4B-00C04F79EFBC}") = "WebProgrammingTerm.Auth.Core", "WebProgrammingTerm.Auth.Core\WebProgrammingTerm.Auth.Core.csproj", "{6929C8A8-321B-44F0-896A-3C68B1E6BE75}"
EndProject
Project("{FAE04EC0-301F-11D3-BF4B-00C04F79EFBC}") = "WebProgrammingTerm.Auth.Repository", "WebProgrammingTerm.Auth.Repository\WebProgrammingTerm.Auth.Repository.csproj", "{78D6F60C-7588-4998-BDC5-83CE69133A47}"
EndProject
Project("{FAE04EC0-301F-11D3-BF4B-00C04F79EFBC}") = "WebProgrammingTerm.Auth.Service", "WebProgrammingTerm.Auth.Service\WebProgrammingTerm.Auth.Service.csproj", "{C57188D5-DA5F-4D12-9442-BA7D15133E85}"
EndProject
Project("{FAE04EC0-301F-11D3-BF4B-00C04F79EFBC}") = "WebProgrammingTerm.Auth.API", "WebProgrammingTerm.Auth.API\WebProgrammingTerm.Auth.API.csproj", "{F22B58F7-D5A7-4C4C-B61F-8436DC5432FE}"
EndProject
Global
	GlobalSection(SolutionConfigurationPlatforms) = preSolution
		Debug|Any CPU = Debug|Any CPU
		Release|Any CPU = Release|Any CPU
	EndGlobalSection
	GlobalSection(ProjectConfigurationPlatforms) = postSolution
		{686DD1C1-DE00-4506-97B1-873F99842AAF}.Debug|Any CPU.ActiveCfg = Debug|Any CPU
		{686DD1C1-DE00-4506-97B1-873F99842AAF}.Debug|Any CPU.Build.0 = Debug|Any CPU
		{686DD1C1-DE00-4506-97B1-873F99842AAF}.Release|Any CPU.ActiveCfg = Release|Any CPU
		{686DD1C1-DE00-4506-97B1-873F99842AAF}.Release|Any CPU.Build.0 = Release|Any CPU
		{6929C8A8-321B-44F0-896A-3C68B1E6BE75}.Debug|Any CPU.ActiveCfg = Debug|Any CPU
		{6929C8A8-321B-44F0-896A-3C68B1E6BE75}.Debug|Any CPU.Build.0 = Debug|Any CPU
		{6929C8A8-321B-44F0-896A-3C68B1E6BE75}.Release|Any CPU.ActiveCfg = Release|Any CPU
		{6929C8A8-321B-44F0-896A-3C68B1E6BE75}.Release|Any CPU.Build.0 = Release|Any CPU
		{78D6F60C-7588-4998-BDC5-83CE69133A47}.Debug|Any CPU.ActiveCfg = Debug|Any CPU
		{78D6F60C-7588-4998-BDC5-83CE69133A47}.Debug|Any CPU.Build.0 = Debug|Any CPU
		{78D6F60C-7588-4998-BDC5-83CE69133A47}.Release|Any CPU.ActiveCfg = Release|Any CPU
		{78D6F60C-7588-4998-BDC5-83CE69133A47}.Release|Any CPU.Build.0 = Release|Any CPU
		{C57188D5-DA5F-4D12-9442-BA7D15133E85}.Debug|Any CPU.ActiveCfg = Debug|Any CPU
		{C57188D5-DA5F-4D12-9442-BA7D15133E85}.Debug|Any CPU.Build.0 = Debug|Any CPU
		{C57188D5-DA5F-4D12-9442-BA7D15133E85}.Release|Any CPU.ActiveCfg = Release|Any CPU
		{C57188D5-DA5F-4D12-9442-BA7D15133E85}.Release|Any CPU.Build.0 = Release|Any CPU
		{F22B58F7-D5A7-4C4C-B61F-8436DC5432FE}.Debug|Any CPU.ActiveCfg = Debug|Any CPU
		{F22B58F7-D5A7-4C4C-B61F-8436DC5432FE}.Debug|Any CPU.Build.0 = Debug|Any CPU
		{F22B58F7-D5A7-4C4C-B61F-8436DC5432FE}.Release|Any CPU.ActiveCfg = Release|Any CPU
		{F22B58F7-D5A7-4C4C-B61F-8436DC5432FE}.Release|Any CPU.Build.0 = Release|Any CPU
	EndGlobalSection
	GlobalSection(NestedProjects) = preSolution
		{6929C8A8-321B-44F0-896A-3C68B1E6BE75} = {76D51CB1-F61D-48D0-A295-7A203FA834E4}
		{78D6F60C-7588-4998-BDC5-83CE69133A47} = {76D51CB1-F61D-48D0-A295-7A203FA834E4}
		{C57188D5-DA5F-4D12-9442-BA7D15133E85} = {76D51CB1-F61D-48D0-A295-7A203FA834E4}
		{F22B58F7-D5A7-4C4C-B61F-8436DC5432FE} = {76D51CB1-F61D-48D0-A295-7A203FA834E4}
	EndGlobalSection
EndGlobal
